// !$*UTF8*$!
{
	archiveVersion = 1;
	classes = {
	};
	objectVersion = 55;
	objects = {

/* Begin PBXBuildFile section */
		682C7EDE28A002A000CAA3BE /* HexagonParameters.swift in Sources */ = {isa = PBXBuildFile; fileRef = 682C7EDD28A002A000CAA3BE /* HexagonParameters.swift */; };
		682C7EE028A0036400CAA3BE /* BadgeBackground.swift in Sources */ = {isa = PBXBuildFile; fileRef = 682C7EDF28A0036400CAA3BE /* BadgeBackground.swift */; };
		682C7EE428A0087400CAA3BE /* hikeData.json in Resources */ = {isa = PBXBuildFile; fileRef = 682C7EE328A0087400CAA3BE /* hikeData.json */; };
		682C7EE828A008B300CAA3BE /* Hike.swift in Sources */ = {isa = PBXBuildFile; fileRef = 682C7EE728A008B300CAA3BE /* Hike.swift */; };
		682C7EEE28A009C500CAA3BE /* GraphCapsule.swift in Sources */ = {isa = PBXBuildFile; fileRef = 682C7EEA28A009C500CAA3BE /* GraphCapsule.swift */; };
		682C7EEF28A009C500CAA3BE /* HikeGraph.swift in Sources */ = {isa = PBXBuildFile; fileRef = 682C7EEB28A009C500CAA3BE /* HikeGraph.swift */; };
		682C7EF028A009C500CAA3BE /* HikeDetail.swift in Sources */ = {isa = PBXBuildFile; fileRef = 682C7EEC28A009C500CAA3BE /* HikeDetail.swift */; };
		682C7EF128A009C500CAA3BE /* HikeView.swift in Sources */ = {isa = PBXBuildFile; fileRef = 682C7EED28A009C500CAA3BE /* HikeView.swift */; };
		682C7EF428A00FBF00CAA3BE /* CategoryHome.swift in Sources */ = {isa = PBXBuildFile; fileRef = 682C7EF328A00FBF00CAA3BE /* CategoryHome.swift */; };
		682C7EF628A0117800CAA3BE /* CategoryRow.swift in Sources */ = {isa = PBXBuildFile; fileRef = 682C7EF528A0117800CAA3BE /* CategoryRow.swift */; };
		682C7EF828A0128100CAA3BE /* CategoryItem.swift in Sources */ = {isa = PBXBuildFile; fileRef = 682C7EF728A0128100CAA3BE /* CategoryItem.swift */; };
		68B9FB39289FAF1A00F007C3 /* LandmarkApp.swift in Sources */ = {isa = PBXBuildFile; fileRef = 68B9FB38289FAF1A00F007C3 /* LandmarkApp.swift */; };
		68B9FB3B289FAF1A00F007C3 /* ContentView.swift in Sources */ = {isa = PBXBuildFile; fileRef = 68B9FB3A289FAF1A00F007C3 /* ContentView.swift */; };
		68B9FB3D289FAF1B00F007C3 /* Assets.xcassets in Resources */ = {isa = PBXBuildFile; fileRef = 68B9FB3C289FAF1B00F007C3 /* Assets.xcassets */; };
		68B9FB40289FAF1B00F007C3 /* Preview Assets.xcassets in Resources */ = {isa = PBXBuildFile; fileRef = 68B9FB3F289FAF1B00F007C3 /* Preview Assets.xcassets */; };
		68B9FB42289FAF1B00F007C3 /* Persistence.swift in Sources */ = {isa = PBXBuildFile; fileRef = 68B9FB41289FAF1B00F007C3 /* Persistence.swift */; };
		68B9FB45289FAF1B00F007C3 /* Landmark.xcdatamodeld in Sources */ = {isa = PBXBuildFile; fileRef = 68B9FB43289FAF1B00F007C3 /* Landmark.xcdatamodeld */; };
		68B9FB4F289FAF1B00F007C3 /* LandmarkTests.swift in Sources */ = {isa = PBXBuildFile; fileRef = 68B9FB4E289FAF1B00F007C3 /* LandmarkTests.swift */; };
		68B9FB59289FAF1B00F007C3 /* LandmarkUITests.swift in Sources */ = {isa = PBXBuildFile; fileRef = 68B9FB58289FAF1B00F007C3 /* LandmarkUITests.swift */; };
		68B9FB5B289FAF1B00F007C3 /* LandmarkUITestsLaunchTests.swift in Sources */ = {isa = PBXBuildFile; fileRef = 68B9FB5A289FAF1B00F007C3 /* LandmarkUITestsLaunchTests.swift */; };
		68B9FB68289FB52400F007C3 /* CircleImage.swift in Sources */ = {isa = PBXBuildFile; fileRef = 68B9FB67289FB52400F007C3 /* CircleImage.swift */; };
		68B9FB6A289FB6D700F007C3 /* MapView.swift in Sources */ = {isa = PBXBuildFile; fileRef = 68B9FB69289FB6D700F007C3 /* MapView.swift */; };
		68B9FB6C289FBA5C00F007C3 /* Landmark.swift in Sources */ = {isa = PBXBuildFile; fileRef = 68B9FB6B289FBA5C00F007C3 /* Landmark.swift */; };
		68B9FB6E289FBB9A00F007C3 /* ModalData.swift in Sources */ = {isa = PBXBuildFile; fileRef = 68B9FB6D289FBB9A00F007C3 /* ModalData.swift */; };
		68B9FB73289FBD6500F007C3 /* landmarkData.json in Resources */ = {isa = PBXBuildFile; fileRef = 68B9FB72289FBD6500F007C3 /* landmarkData.json */; };
		68B9FB76289FBDC100F007C3 /* LandmarkRow.swift in Sources */ = {isa = PBXBuildFile; fileRef = 68B9FB75289FBDC100F007C3 /* LandmarkRow.swift */; };
		68B9FB78289FBECC00F007C3 /* LandmarkList.swift in Sources */ = {isa = PBXBuildFile; fileRef = 68B9FB77289FBECC00F007C3 /* LandmarkList.swift */; };
		68B9FB7A289FBFB200F007C3 /* LandmarkDetail.swift in Sources */ = {isa = PBXBuildFile; fileRef = 68B9FB79289FBFB200F007C3 /* LandmarkDetail.swift */; };
		68B9FB7C289FC92200F007C3 /* FavoriteButton.swift in Sources */ = {isa = PBXBuildFile; fileRef = 68B9FB7B289FC92200F007C3 /* FavoriteButton.swift */; };
/* End PBXBuildFile section */

/* Begin PBXContainerItemProxy section */
		68B9FB4B289FAF1B00F007C3 /* PBXContainerItemProxy */ = {
			isa = PBXContainerItemProxy;
			containerPortal = 68B9FB2D289FAF1A00F007C3 /* Project object */;
			proxyType = 1;
			remoteGlobalIDString = 68B9FB34289FAF1A00F007C3;
			remoteInfo = Landmark;
		};
		68B9FB55289FAF1B00F007C3 /* PBXContainerItemProxy */ = {
			isa = PBXContainerItemProxy;
			containerPortal = 68B9FB2D289FAF1A00F007C3 /* Project object */;
			proxyType = 1;
			remoteGlobalIDString = 68B9FB34289FAF1A00F007C3;
			remoteInfo = Landmark;
		};
/* End PBXContainerItemProxy section */

/* Begin PBXFileReference section */
		682C7EDD28A002A000CAA3BE /* HexagonParameters.swift */ = {isa = PBXFileReference; lastKnownFileType = sourcecode.swift; path = HexagonParameters.swift; sourceTree = "<group>"; };
		682C7EDF28A0036400CAA3BE /* BadgeBackground.swift */ = {isa = PBXFileReference; lastKnownFileType = sourcecode.swift; path = BadgeBackground.swift; sourceTree = "<group>"; };
		682C7EE328A0087400CAA3BE /* hikeData.json */ = {isa = PBXFileReference; fileEncoding = 4; lastKnownFileType = text.json; path = hikeData.json; sourceTree = "<group>"; };
		682C7EE728A008B300CAA3BE /* Hike.swift */ = {isa = PBXFileReference; lastKnownFileType = sourcecode.swift; path = Hike.swift; sourceTree = "<group>"; };
		682C7EEA28A009C500CAA3BE /* GraphCapsule.swift */ = {isa = PBXFileReference; fileEncoding = 4; lastKnownFileType = sourcecode.swift; path = GraphCapsule.swift; sourceTree = "<group>"; };
		682C7EEB28A009C500CAA3BE /* HikeGraph.swift */ = {isa = PBXFileReference; fileEncoding = 4; lastKnownFileType = sourcecode.swift; path = HikeGraph.swift; sourceTree = "<group>"; };
		682C7EEC28A009C500CAA3BE /* HikeDetail.swift */ = {isa = PBXFileReference; fileEncoding = 4; lastKnownFileType = sourcecode.swift; path = HikeDetail.swift; sourceTree = "<group>"; };
		682C7EED28A009C500CAA3BE /* HikeView.swift */ = {isa = PBXFileReference; fileEncoding = 4; lastKnownFileType = sourcecode.swift; path = HikeView.swift; sourceTree = "<group>"; };
		682C7EF328A00FBF00CAA3BE /* CategoryHome.swift */ = {isa = PBXFileReference; lastKnownFileType = sourcecode.swift; path = CategoryHome.swift; sourceTree = "<group>"; };
		682C7EF528A0117800CAA3BE /* CategoryRow.swift */ = {isa = PBXFileReference; lastKnownFileType = sourcecode.swift; path = CategoryRow.swift; sourceTree = "<group>"; };
		682C7EF728A0128100CAA3BE /* CategoryItem.swift */ = {isa = PBXFileReference; lastKnownFileType = sourcecode.swift; path = CategoryItem.swift; sourceTree = "<group>"; };
		68B9FB35289FAF1A00F007C3 /* Landmark.app */ = {isa = PBXFileReference; explicitFileType = wrapper.application; includeInIndex = 0; path = Landmark.app; sourceTree = BUILT_PRODUCTS_DIR; };
		68B9FB38289FAF1A00F007C3 /* LandmarkApp.swift */ = {isa = PBXFileReference; lastKnownFileType = sourcecode.swift; path = LandmarkApp.swift; sourceTree = "<group>"; };
		68B9FB3A289FAF1A00F007C3 /* ContentView.swift */ = {isa = PBXFileReference; lastKnownFileType = sourcecode.swift; path = ContentView.swift; sourceTree = "<group>"; };
		68B9FB3C289FAF1B00F007C3 /* Assets.xcassets */ = {isa = PBXFileReference; lastKnownFileType = folder.assetcatalog; path = Assets.xcassets; sourceTree = "<group>"; };
		68B9FB3F289FAF1B00F007C3 /* Preview Assets.xcassets */ = {isa = PBXFileReference; lastKnownFileType = folder.assetcatalog; path = "Preview Assets.xcassets"; sourceTree = "<group>"; };
		68B9FB41289FAF1B00F007C3 /* Persistence.swift */ = {isa = PBXFileReference; lastKnownFileType = sourcecode.swift; path = Persistence.swift; sourceTree = "<group>"; };
		68B9FB44289FAF1B00F007C3 /* Landmark.xcdatamodel */ = {isa = PBXFileReference; lastKnownFileType = wrapper.xcdatamodel; path = Landmark.xcdatamodel; sourceTree = "<group>"; };
		68B9FB4A289FAF1B00F007C3 /* LandmarkTests.xctest */ = {isa = PBXFileReference; explicitFileType = wrapper.cfbundle; includeInIndex = 0; path = LandmarkTests.xctest; sourceTree = BUILT_PRODUCTS_DIR; };
		68B9FB4E289FAF1B00F007C3 /* LandmarkTests.swift */ = {isa = PBXFileReference; lastKnownFileType = sourcecode.swift; path = LandmarkTests.swift; sourceTree = "<group>"; };
		68B9FB54289FAF1B00F007C3 /* LandmarkUITests.xctest */ = {isa = PBXFileReference; explicitFileType = wrapper.cfbundle; includeInIndex = 0; path = LandmarkUITests.xctest; sourceTree = BUILT_PRODUCTS_DIR; };
		68B9FB58289FAF1B00F007C3 /* LandmarkUITests.swift */ = {isa = PBXFileReference; lastKnownFileType = sourcecode.swift; path = LandmarkUITests.swift; sourceTree = "<group>"; };
		68B9FB5A289FAF1B00F007C3 /* LandmarkUITestsLaunchTests.swift */ = {isa = PBXFileReference; lastKnownFileType = sourcecode.swift; path = LandmarkUITestsLaunchTests.swift; sourceTree = "<group>"; };
		68B9FB67289FB52400F007C3 /* CircleImage.swift */ = {isa = PBXFileReference; lastKnownFileType = sourcecode.swift; path = CircleImage.swift; sourceTree = "<group>"; };
		68B9FB69289FB6D700F007C3 /* MapView.swift */ = {isa = PBXFileReference; lastKnownFileType = sourcecode.swift; path = MapView.swift; sourceTree = "<group>"; };
		68B9FB6B289FBA5C00F007C3 /* Landmark.swift */ = {isa = PBXFileReference; lastKnownFileType = sourcecode.swift; path = Landmark.swift; sourceTree = "<group>"; };
		68B9FB6D289FBB9A00F007C3 /* ModalData.swift */ = {isa = PBXFileReference; lastKnownFileType = sourcecode.swift; path = ModalData.swift; sourceTree = "<group>"; };
		68B9FB72289FBD6500F007C3 /* landmarkData.json */ = {isa = PBXFileReference; fileEncoding = 4; lastKnownFileType = text.json; path = landmarkData.json; sourceTree = "<group>"; };
		68B9FB75289FBDC100F007C3 /* LandmarkRow.swift */ = {isa = PBXFileReference; lastKnownFileType = sourcecode.swift; path = LandmarkRow.swift; sourceTree = "<group>"; };
		68B9FB77289FBECC00F007C3 /* LandmarkList.swift */ = {isa = PBXFileReference; lastKnownFileType = sourcecode.swift; path = LandmarkList.swift; sourceTree = "<group>"; };
		68B9FB79289FBFB200F007C3 /* LandmarkDetail.swift */ = {isa = PBXFileReference; lastKnownFileType = sourcecode.swift; path = LandmarkDetail.swift; sourceTree = "<group>"; };
		68B9FB7B289FC92200F007C3 /* FavoriteButton.swift */ = {isa = PBXFileReference; lastKnownFileType = sourcecode.swift; path = FavoriteButton.swift; sourceTree = "<group>"; };
/* End PBXFileReference section */

/* Begin PBXFrameworksBuildPhase section */
		68B9FB32289FAF1A00F007C3 /* Frameworks */ = {
			isa = PBXFrameworksBuildPhase;
			buildActionMask = 2147483647;
			files = (
			);
			runOnlyForDeploymentPostprocessing = 0;
		};
		68B9FB47289FAF1B00F007C3 /* Frameworks */ = {
			isa = PBXFrameworksBuildPhase;
			buildActionMask = 2147483647;
			files = (
			);
			runOnlyForDeploymentPostprocessing = 0;
		};
		68B9FB51289FAF1B00F007C3 /* Frameworks */ = {
			isa = PBXFrameworksBuildPhase;
			buildActionMask = 2147483647;
			files = (
			);
			runOnlyForDeploymentPostprocessing = 0;
		};
/* End PBXFrameworksBuildPhase section */

/* Begin PBXGroup section */
		682C7EE228A0083D00CAA3BE /* Badges */ = {
			isa = PBXGroup;
			children = (
				682C7EDD28A002A000CAA3BE /* HexagonParameters.swift */,
				682C7EDF28A0036400CAA3BE /* BadgeBackground.swift */,
			);
			path = Badges;
			sourceTree = "<group>";
		};
		682C7EE928A009C500CAA3BE /* Hikes */ = {
			isa = PBXGroup;
			children = (
				682C7EEA28A009C500CAA3BE /* GraphCapsule.swift */,
				682C7EEB28A009C500CAA3BE /* HikeGraph.swift */,
				682C7EEC28A009C500CAA3BE /* HikeDetail.swift */,
				682C7EED28A009C500CAA3BE /* HikeView.swift */,
			);
			path = Hikes;
			sourceTree = "<group>";
		};
		682C7EF228A00FA800CAA3BE /* Category */ = {
			isa = PBXGroup;
			children = (
				682C7EF328A00FBF00CAA3BE /* CategoryHome.swift */,
				682C7EF728A0128100CAA3BE /* CategoryItem.swift */,
				682C7EF528A0117800CAA3BE /* CategoryRow.swift */,
			);
			path = Category;
			sourceTree = "<group>";
		};
		68B9FB2C289FAF1A00F007C3 = {
			isa = PBXGroup;
			children = (
				68B9FB37289FAF1A00F007C3 /* Landmark */,
				68B9FB4D289FAF1B00F007C3 /* LandmarkTests */,
				68B9FB57289FAF1B00F007C3 /* LandmarkUITests */,
				68B9FB36289FAF1A00F007C3 /* Products */,
			);
			sourceTree = "<group>";
		};
		68B9FB36289FAF1A00F007C3 /* Products */ = {
			isa = PBXGroup;
			children = (
				68B9FB35289FAF1A00F007C3 /* Landmark.app */,
				68B9FB4A289FAF1B00F007C3 /* LandmarkTests.xctest */,
				68B9FB54289FAF1B00F007C3 /* LandmarkUITests.xctest */,
			);
			name = Products;
			sourceTree = "<group>";
		};
		68B9FB37289FAF1A00F007C3 /* Landmark */ = {
			isa = PBXGroup;
			children = (
				68B9FB38289FAF1A00F007C3 /* LandmarkApp.swift */,
				68B9FB70289FBD2700F007C3 /* Views */,
				68B9FB71289FBD3D00F007C3 /* Model */,
				68B9FB3C289FAF1B00F007C3 /* Assets.xcassets */,
				68B9FB41289FAF1B00F007C3 /* Persistence.swift */,
				68B9FB43289FAF1B00F007C3 /* Landmark.xcdatamodeld */,
				68B9FB74289FBD6F00F007C3 /* Resources */,
				68B9FB3E289FAF1B00F007C3 /* Preview Content */,
			);
			path = Landmark;
			sourceTree = "<group>";
		};
		68B9FB3E289FAF1B00F007C3 /* Preview Content */ = {
			isa = PBXGroup;
			children = (
				68B9FB3F289FAF1B00F007C3 /* Preview Assets.xcassets */,
			);
			path = "Preview Content";
			sourceTree = "<group>";
		};
		68B9FB4D289FAF1B00F007C3 /* LandmarkTests */ = {
			isa = PBXGroup;
			children = (
				68B9FB4E289FAF1B00F007C3 /* LandmarkTests.swift */,
			);
			path = LandmarkTests;
			sourceTree = "<group>";
		};
		68B9FB57289FAF1B00F007C3 /* LandmarkUITests */ = {
			isa = PBXGroup;
			children = (
				68B9FB58289FAF1B00F007C3 /* LandmarkUITests.swift */,
				68B9FB5A289FAF1B00F007C3 /* LandmarkUITestsLaunchTests.swift */,
			);
			path = LandmarkUITests;
			sourceTree = "<group>";
		};
		68B9FB70289FBD2700F007C3 /* Views */ = {
			isa = PBXGroup;
			children = (
				682C7EF228A00FA800CAA3BE /* Category */,
				682C7EE928A009C500CAA3BE /* Hikes */,
				68B9FB3A289FAF1A00F007C3 /* ContentView.swift */,
				68B9FB7D289FC9D200F007C3 /* Landmarks */,
				68B9FB7E289FC9DB00F007C3 /* Helpers */,
				682C7EE228A0083D00CAA3BE /* Badges */,
			);
			path = Views;
			sourceTree = "<group>";
		};
		68B9FB71289FBD3D00F007C3 /* Model */ = {
			isa = PBXGroup;
			children = (
				68B9FB6B289FBA5C00F007C3 /* Landmark.swift */,
				68B9FB6D289FBB9A00F007C3 /* ModalData.swift */,
				682C7EE728A008B300CAA3BE /* Hike.swift */,
			);
			path = Model;
			sourceTree = "<group>";
		};
		68B9FB74289FBD6F00F007C3 /* Resources */ = {
			isa = PBXGroup;
			children = (
				682C7EE328A0087400CAA3BE /* hikeData.json */,
				68B9FB72289FBD6500F007C3 /* landmarkData.json */,
			);
			path = Resources;
			sourceTree = "<group>";
		};
		68B9FB7D289FC9D200F007C3 /* Landmarks */ = {
			isa = PBXGroup;
			children = (
				68B9FB79289FBFB200F007C3 /* LandmarkDetail.swift */,
				68B9FB75289FBDC100F007C3 /* LandmarkRow.swift */,
				68B9FB77289FBECC00F007C3 /* LandmarkList.swift */,
			);
			path = Landmarks;
			sourceTree = "<group>";
		};
		68B9FB7E289FC9DB00F007C3 /* Helpers */ = {
			isa = PBXGroup;
			children = (
				68B9FB7B289FC92200F007C3 /* FavoriteButton.swift */,
				68B9FB69289FB6D700F007C3 /* MapView.swift */,
				68B9FB67289FB52400F007C3 /* CircleImage.swift */,
			);
			path = Helpers;
			sourceTree = "<group>";
		};
/* End PBXGroup section */

/* Begin PBXNativeTarget section */
		68B9FB34289FAF1A00F007C3 /* Landmark */ = {
			isa = PBXNativeTarget;
			buildConfigurationList = 68B9FB5E289FAF1B00F007C3 /* Build configuration list for PBXNativeTarget "Landmark" */;
			buildPhases = (
				68B9FB31289FAF1A00F007C3 /* Sources */,
				68B9FB32289FAF1A00F007C3 /* Frameworks */,
				68B9FB33289FAF1A00F007C3 /* Resources */,
			);
			buildRules = (
			);
			dependencies = (
			);
			name = Landmark;
			productName = Landmark;
			productReference = 68B9FB35289FAF1A00F007C3 /* Landmark.app */;
			productType = "com.apple.product-type.application";
		};
		68B9FB49289FAF1B00F007C3 /* LandmarkTests */ = {
			isa = PBXNativeTarget;
			buildConfigurationList = 68B9FB61289FAF1B00F007C3 /* Build configuration list for PBXNativeTarget "LandmarkTests" */;
			buildPhases = (
				68B9FB46289FAF1B00F007C3 /* Sources */,
				68B9FB47289FAF1B00F007C3 /* Frameworks */,
				68B9FB48289FAF1B00F007C3 /* Resources */,
			);
			buildRules = (
			);
			dependencies = (
				68B9FB4C289FAF1B00F007C3 /* PBXTargetDependency */,
			);
			name = LandmarkTests;
			productName = LandmarkTests;
			productReference = 68B9FB4A289FAF1B00F007C3 /* LandmarkTests.xctest */;
			productType = "com.apple.product-type.bundle.unit-test";
		};
		68B9FB53289FAF1B00F007C3 /* LandmarkUITests */ = {
			isa = PBXNativeTarget;
			buildConfigurationList = 68B9FB64289FAF1B00F007C3 /* Build configuration list for PBXNativeTarget "LandmarkUITests" */;
			buildPhases = (
				68B9FB50289FAF1B00F007C3 /* Sources */,
				68B9FB51289FAF1B00F007C3 /* Frameworks */,
				68B9FB52289FAF1B00F007C3 /* Resources */,
			);
			buildRules = (
			);
			dependencies = (
				68B9FB56289FAF1B00F007C3 /* PBXTargetDependency */,
			);
			name = LandmarkUITests;
			productName = LandmarkUITests;
			productReference = 68B9FB54289FAF1B00F007C3 /* LandmarkUITests.xctest */;
			productType = "com.apple.product-type.bundle.ui-testing";
		};
/* End PBXNativeTarget section */

/* Begin PBXProject section */
		68B9FB2D289FAF1A00F007C3 /* Project object */ = {
			isa = PBXProject;
			attributes = {
				BuildIndependentTargetsInParallel = 1;
				LastSwiftUpdateCheck = 1340;
				LastUpgradeCheck = 1340;
				TargetAttributes = {
					68B9FB34289FAF1A00F007C3 = {
						CreatedOnToolsVersion = 13.4.1;
					};
					68B9FB49289FAF1B00F007C3 = {
						CreatedOnToolsVersion = 13.4.1;
						TestTargetID = 68B9FB34289FAF1A00F007C3;
					};
					68B9FB53289FAF1B00F007C3 = {
						CreatedOnToolsVersion = 13.4.1;
						TestTargetID = 68B9FB34289FAF1A00F007C3;
					};
				};
			};
			buildConfigurationList = 68B9FB30289FAF1A00F007C3 /* Build configuration list for PBXProject "Landmark" */;
			compatibilityVersion = "Xcode 13.0";
			developmentRegion = en;
			hasScannedForEncodings = 0;
			knownRegions = (
				en,
				Base,
			);
			mainGroup = 68B9FB2C289FAF1A00F007C3;
			productRefGroup = 68B9FB36289FAF1A00F007C3 /* Products */;
			projectDirPath = "";
			projectRoot = "";
			targets = (
				68B9FB34289FAF1A00F007C3 /* Landmark */,
				68B9FB49289FAF1B00F007C3 /* LandmarkTests */,
				68B9FB53289FAF1B00F007C3 /* LandmarkUITests */,
			);
		};
/* End PBXProject section */

/* Begin PBXResourcesBuildPhase section */
		68B9FB33289FAF1A00F007C3 /* Resources */ = {
			isa = PBXResourcesBuildPhase;
			buildActionMask = 2147483647;
			files = (
				682C7EE428A0087400CAA3BE /* hikeData.json in Resources */,
				68B9FB40289FAF1B00F007C3 /* Preview Assets.xcassets in Resources */,
				68B9FB3D289FAF1B00F007C3 /* Assets.xcassets in Resources */,
				68B9FB73289FBD6500F007C3 /* landmarkData.json in Resources */,
			);
			runOnlyForDeploymentPostprocessing = 0;
		};
		68B9FB48289FAF1B00F007C3 /* Resources */ = {
			isa = PBXResourcesBuildPhase;
			buildActionMask = 2147483647;
			files = (
			);
			runOnlyForDeploymentPostprocessing = 0;
		};
		68B9FB52289FAF1B00F007C3 /* Resources */ = {
			isa = PBXResourcesBuildPhase;
			buildActionMask = 2147483647;
			files = (
			);
			runOnlyForDeploymentPostprocessing = 0;
		};
/* End PBXResourcesBuildPhase section */

/* Begin PBXSourcesBuildPhase section */
		68B9FB31289FAF1A00F007C3 /* Sources */ = {
			isa = PBXSourcesBuildPhase;
			buildActionMask = 2147483647;
			files = (
				682C7EE828A008B300CAA3BE /* Hike.swift in Sources */,
				68B9FB6C289FBA5C00F007C3 /* Landmark.swift in Sources */,
				68B9FB6E289FBB9A00F007C3 /* ModalData.swift in Sources */,
				68B9FB42289FAF1B00F007C3 /* Persistence.swift in Sources */,
				682C7EF628A0117800CAA3BE /* CategoryRow.swift in Sources */,
				682C7EF428A00FBF00CAA3BE /* CategoryHome.swift in Sources */,
				682C7EF128A009C500CAA3BE /* HikeView.swift in Sources */,
				68B9FB7C289FC92200F007C3 /* FavoriteButton.swift in Sources */,
				68B9FB6A289FB6D700F007C3 /* MapView.swift in Sources */,
				68B9FB3B289FAF1A00F007C3 /* ContentView.swift in Sources */,
				68B9FB39289FAF1A00F007C3 /* LandmarkApp.swift in Sources */,
				68B9FB45289FAF1B00F007C3 /* Landmark.xcdatamodeld in Sources */,
				68B9FB68289FB52400F007C3 /* CircleImage.swift in Sources */,
				682C7EE028A0036400CAA3BE /* BadgeBackground.swift in Sources */,
				682C7EF028A009C500CAA3BE /* HikeDetail.swift in Sources */,
				682C7EDE28A002A000CAA3BE /* HexagonParameters.swift in Sources */,
				682C7EEE28A009C500CAA3BE /* GraphCapsule.swift in Sources */,
				68B9FB76289FBDC100F007C3 /* LandmarkRow.swift in Sources */,
				68B9FB78289FBECC00F007C3 /* LandmarkList.swift in Sources */,
				68B9FB7A289FBFB200F007C3 /* LandmarkDetail.swift in Sources */,
				682C7EF828A0128100CAA3BE /* CategoryItem.swift in Sources */,
				682C7EEF28A009C500CAA3BE /* HikeGraph.swift in Sources */,
			);
			runOnlyForDeploymentPostprocessing = 0;
		};
		68B9FB46289FAF1B00F007C3 /* Sources */ = {
			isa = PBXSourcesBuildPhase;
			buildActionMask = 2147483647;
			files = (
				68B9FB4F289FAF1B00F007C3 /* LandmarkTests.swift in Sources */,
			);
			runOnlyForDeploymentPostprocessing = 0;
		};
		68B9FB50289FAF1B00F007C3 /* Sources */ = {
			isa = PBXSourcesBuildPhase;
			buildActionMask = 2147483647;
			files = (
				68B9FB5B289FAF1B00F007C3 /* LandmarkUITestsLaunchTests.swift in Sources */,
				68B9FB59289FAF1B00F007C3 /* LandmarkUITests.swift in Sources */,
			);
			runOnlyForDeploymentPostprocessing = 0;
		};
/* End PBXSourcesBuildPhase section */

/* Begin PBXTargetDependency section */
		68B9FB4C289FAF1B00F007C3 /* PBXTargetDependency */ = {
			isa = PBXTargetDependency;
			target = 68B9FB34289FAF1A00F007C3 /* Landmark */;
			targetProxy = 68B9FB4B289FAF1B00F007C3 /* PBXContainerItemProxy */;
		};
		68B9FB56289FAF1B00F007C3 /* PBXTargetDependency */ = {
			isa = PBXTargetDependency;
			target = 68B9FB34289FAF1A00F007C3 /* Landmark */;
			targetProxy = 68B9FB55289FAF1B00F007C3 /* PBXContainerItemProxy */;
		};
/* End PBXTargetDependency section */

/* Begin XCBuildConfiguration section */
		68B9FB5C289FAF1B00F007C3 /* Debug */ = {
			isa = XCBuildConfiguration;
			buildSettings = {
				ALWAYS_SEARCH_USER_PATHS = NO;
				CLANG_ANALYZER_NONNULL = YES;
				CLANG_ANALYZER_NUMBER_OBJECT_CONVERSION = YES_AGGRESSIVE;
				CLANG_CXX_LANGUAGE_STANDARD = "gnu++17";
				CLANG_ENABLE_MODULES = YES;
				CLANG_ENABLE_OBJC_ARC = YES;
				CLANG_ENABLE_OBJC_WEAK = YES;
				CLANG_WARN_BLOCK_CAPTURE_AUTORELEASING = YES;
				CLANG_WARN_BOOL_CONVERSION = YES;
				CLANG_WARN_COMMA = YES;
				CLANG_WARN_CONSTANT_CONVERSION = YES;
				CLANG_WARN_DEPRECATED_OBJC_IMPLEMENTATIONS = YES;
				CLANG_WARN_DIRECT_OBJC_ISA_USAGE = YES_ERROR;
				CLANG_WARN_DOCUMENTATION_COMMENTS = YES;
				CLANG_WARN_EMPTY_BODY = YES;
				CLANG_WARN_ENUM_CONVERSION = YES;
				CLANG_WARN_INFINITE_RECURSION = YES;
				CLANG_WARN_INT_CONVERSION = YES;
				CLANG_WARN_NON_LITERAL_NULL_CONVERSION = YES;
				CLANG_WARN_OBJC_IMPLICIT_RETAIN_SELF = YES;
				CLANG_WARN_OBJC_LITERAL_CONVERSION = YES;
				CLANG_WARN_OBJC_ROOT_CLASS = YES_ERROR;
				CLANG_WARN_QUOTED_INCLUDE_IN_FRAMEWORK_HEADER = YES;
				CLANG_WARN_RANGE_LOOP_ANALYSIS = YES;
				CLANG_WARN_STRICT_PROTOTYPES = YES;
				CLANG_WARN_SUSPICIOUS_MOVE = YES;
				CLANG_WARN_UNGUARDED_AVAILABILITY = YES_AGGRESSIVE;
				CLANG_WARN_UNREACHABLE_CODE = YES;
				CLANG_WARN__DUPLICATE_METHOD_MATCH = YES;
				COPY_PHASE_STRIP = NO;
				DEBUG_INFORMATION_FORMAT = dwarf;
				ENABLE_STRICT_OBJC_MSGSEND = YES;
				ENABLE_TESTABILITY = YES;
				GCC_C_LANGUAGE_STANDARD = gnu11;
				GCC_DYNAMIC_NO_PIC = NO;
				GCC_NO_COMMON_BLOCKS = YES;
				GCC_OPTIMIZATION_LEVEL = 0;
				GCC_PREPROCESSOR_DEFINITIONS = (
					"DEBUG=1",
					"$(inherited)",
				);
				GCC_WARN_64_TO_32_BIT_CONVERSION = YES;
				GCC_WARN_ABOUT_RETURN_TYPE = YES_ERROR;
				GCC_WARN_UNDECLARED_SELECTOR = YES;
				GCC_WARN_UNINITIALIZED_AUTOS = YES_AGGRESSIVE;
				GCC_WARN_UNUSED_FUNCTION = YES;
				GCC_WARN_UNUSED_VARIABLE = YES;
				IPHONEOS_DEPLOYMENT_TARGET = 15.0;
				MTL_ENABLE_DEBUG_INFO = INCLUDE_SOURCE;
				MTL_FAST_MATH = YES;
				ONLY_ACTIVE_ARCH = YES;
				SDKROOT = iphoneos;
				SWIFT_ACTIVE_COMPILATION_CONDITIONS = DEBUG;
				SWIFT_OPTIMIZATION_LEVEL = "-Onone";
			};
			name = Debug;
		};
		68B9FB5D289FAF1B00F007C3 /* Release */ = {
			isa = XCBuildConfiguration;
			buildSettings = {
				ALWAYS_SEARCH_USER_PATHS = NO;
				CLANG_ANALYZER_NONNULL = YES;
				CLANG_ANALYZER_NUMBER_OBJECT_CONVERSION = YES_AGGRESSIVE;
				CLANG_CXX_LANGUAGE_STANDARD = "gnu++17";
				CLANG_ENABLE_MODULES = YES;
				CLANG_ENABLE_OBJC_ARC = YES;
				CLANG_ENABLE_OBJC_WEAK = YES;
				CLANG_WARN_BLOCK_CAPTURE_AUTORELEASING = YES;
				CLANG_WARN_BOOL_CONVERSION = YES;
				CLANG_WARN_COMMA = YES;
				CLANG_WARN_CONSTANT_CONVERSION = YES;
				CLANG_WARN_DEPRECATED_OBJC_IMPLEMENTATIONS = YES;
				CLANG_WARN_DIRECT_OBJC_ISA_USAGE = YES_ERROR;
				CLANG_WARN_DOCUMENTATION_COMMENTS = YES;
				CLANG_WARN_EMPTY_BODY = YES;
				CLANG_WARN_ENUM_CONVERSION = YES;
				CLANG_WARN_INFINITE_RECURSION = YES;
				CLANG_WARN_INT_CONVERSION = YES;
				CLANG_WARN_NON_LITERAL_NULL_CONVERSION = YES;
				CLANG_WARN_OBJC_IMPLICIT_RETAIN_SELF = YES;
				CLANG_WARN_OBJC_LITERAL_CONVERSION = YES;
				CLANG_WARN_OBJC_ROOT_CLASS = YES_ERROR;
				CLANG_WARN_QUOTED_INCLUDE_IN_FRAMEWORK_HEADER = YES;
				CLANG_WARN_RANGE_LOOP_ANALYSIS = YES;
				CLANG_WARN_STRICT_PROTOTYPES = YES;
				CLANG_WARN_SUSPICIOUS_MOVE = YES;
				CLANG_WARN_UNGUARDED_AVAILABILITY = YES_AGGRESSIVE;
				CLANG_WARN_UNREACHABLE_CODE = YES;
				CLANG_WARN__DUPLICATE_METHOD_MATCH = YES;
				COPY_PHASE_STRIP = NO;
				DEBUG_INFORMATION_FORMAT = "dwarf-with-dsym";
				ENABLE_NS_ASSERTIONS = NO;
				ENABLE_STRICT_OBJC_MSGSEND = YES;
				GCC_C_LANGUAGE_STANDARD = gnu11;
				GCC_NO_COMMON_BLOCKS = YES;
				GCC_WARN_64_TO_32_BIT_CONVERSION = YES;
				GCC_WARN_ABOUT_RETURN_TYPE = YES_ERROR;
				GCC_WARN_UNDECLARED_SELECTOR = YES;
				GCC_WARN_UNINITIALIZED_AUTOS = YES_AGGRESSIVE;
				GCC_WARN_UNUSED_FUNCTION = YES;
				GCC_WARN_UNUSED_VARIABLE = YES;
				IPHONEOS_DEPLOYMENT_TARGET = 15.0;
				MTL_ENABLE_DEBUG_INFO = NO;
				MTL_FAST_MATH = YES;
				SDKROOT = iphoneos;
				SWIFT_COMPILATION_MODE = wholemodule;
				SWIFT_OPTIMIZATION_LEVEL = "-O";
				VALIDATE_PRODUCT = YES;
			};
			name = Release;
		};
		68B9FB5F289FAF1B00F007C3 /* Debug */ = {
			isa = XCBuildConfiguration;
			buildSettings = {
				ASSETCATALOG_COMPILER_APPICON_NAME = AppIcon;
				ASSETCATALOG_COMPILER_GLOBAL_ACCENT_COLOR_NAME = AccentColor;
				CODE_SIGN_STYLE = Automatic;
				CURRENT_PROJECT_VERSION = 1;
				DEVELOPMENT_ASSET_PATHS = "\"Landmark/Preview Content\"";
				DEVELOPMENT_TEAM = J983338RJP;
				ENABLE_PREVIEWS = YES;
				GENERATE_INFOPLIST_FILE = YES;
				INFOPLIST_KEY_UIApplicationSceneManifest_Generation = YES;
				INFOPLIST_KEY_UIApplicationSupportsIndirectInputEvents = YES;
				INFOPLIST_KEY_UILaunchScreen_Generation = YES;
				INFOPLIST_KEY_UISupportedInterfaceOrientations_iPad = "UIInterfaceOrientationPortrait UIInterfaceOrientationPortraitUpsideDown UIInterfaceOrientationLandscapeLeft UIInterfaceOrientationLandscapeRight";
				INFOPLIST_KEY_UISupportedInterfaceOrientations_iPhone = "UIInterfaceOrientationPortrait UIInterfaceOrientationLandscapeLeft UIInterfaceOrientationLandscapeRight";
				LD_RUNPATH_SEARCH_PATHS = (
					"$(inherited)",
					"@executable_path/Frameworks",
				);
				MARKETING_VERSION = 1.0;
				PRODUCT_BUNDLE_IDENTIFIER = com.sebghatyusuf.Landmark;
				PRODUCT_NAME = "$(TARGET_NAME)";
				SWIFT_EMIT_LOC_STRINGS = YES;
				SWIFT_VERSION = 5.0;
				TARGETED_DEVICE_FAMILY = "1,2";
			};
			name = Debug;
		};
		68B9FB60289FAF1B00F007C3 /* Release */ = {
			isa = XCBuildConfiguration;
			buildSettings = {
				ASSETCATALOG_COMPILER_APPICON_NAME = AppIcon;
				ASSETCATALOG_COMPILER_GLOBAL_ACCENT_COLOR_NAME = AccentColor;
				CODE_SIGN_STYLE = Automatic;
				CURRENT_PROJECT_VERSION = 1;
				DEVELOPMENT_ASSET_PATHS = "\"Landmark/Preview Content\"";
				DEVELOPMENT_TEAM = J983338RJP;
				ENABLE_PREVIEWS = YES;
				GENERATE_INFOPLIST_FILE = YES;
				INFOPLIST_KEY_UIApplicationSceneManifest_Generation = YES;
				INFOPLIST_KEY_UIApplicationSupportsIndirectInputEvents = YES;
				INFOPLIST_KEY_UILaunchScreen_Generation = YES;
				INFOPLIST_KEY_UISupportedInterfaceOrientations_iPad = "UIInterfaceOrientationPortrait UIInterfaceOrientationPortraitUpsideDown UIInterfaceOrientationLandscapeLeft UIInterfaceOrientationLandscapeRight";
				INFOPLIST_KEY_UISupportedInterfaceOrientations_iPhone = "UIInterfaceOrientationPortrait UIInterfaceOrientationLandscapeLeft UIInterfaceOrientationLandscapeRight";
				LD_RUNPATH_SEARCH_PATHS = (
					"$(inherited)",
					"@executable_path/Frameworks",
				);
				MARKETING_VERSION = 1.0;
				PRODUCT_BUNDLE_IDENTIFIER = com.sebghatyusuf.Landmark;
				PRODUCT_NAME = "$(TARGET_NAME)";
				SWIFT_EMIT_LOC_STRINGS = YES;
				SWIFT_VERSION = 5.0;
				TARGETED_DEVICE_FAMILY = "1,2";
			};
			name = Release;
		};
		68B9FB62289FAF1B00F007C3 /* Debug */ = {
			isa = XCBuildConfiguration;
			buildSettings = {
				ALWAYS_EMBED_SWIFT_STANDARD_LIBRARIES = YES;
				BUNDLE_LOADER = "$(TEST_HOST)";
				CODE_SIGN_STYLE = Automatic;
				CURRENT_PROJECT_VERSION = 1;
				DEVELOPMENT_TEAM = J983338RJP;
				GENERATE_INFOPLIST_FILE = YES;
				IPHONEOS_DEPLOYMENT_TARGET = 15.5;
				MARKETING_VERSION = 1.0;
				PRODUCT_BUNDLE_IDENTIFIER = com.sebghatyusuf.LandmarkTests;
				PRODUCT_NAME = "$(TARGET_NAME)";
				SWIFT_EMIT_LOC_STRINGS = NO;
				SWIFT_VERSION = 5.0;
				TARGETED_DEVICE_FAMILY = "1,2";
				TEST_HOST = "$(BUILT_PRODUCTS_DIR)/Landmark.app/Landmark";
			};
			name = Debug;
		};
		68B9FB63289FAF1B00F007C3 /* Release */ = {
			isa = XCBuildConfiguration;
			buildSettings = {
				ALWAYS_EMBED_SWIFT_STANDARD_LIBRARIES = YES;
				BUNDLE_LOADER = "$(TEST_HOST)";
				CODE_SIGN_STYLE = Automatic;
				CURRENT_PROJECT_VERSION = 1;
				DEVELOPMENT_TEAM = J983338RJP;
				GENERATE_INFOPLIST_FILE = YES;
				IPHONEOS_DEPLOYMENT_TARGET = 15.5;
				MARKETING_VERSION = 1.0;
				PRODUCT_BUNDLE_IDENTIFIER = com.sebghatyusuf.LandmarkTests;
				PRODUCT_NAME = "$(TARGET_NAME)";
				SWIFT_EMIT_LOC_STRINGS = NO;
				SWIFT_VERSION = 5.0;
				TARGETED_DEVICE_FAMILY = "1,2";
				TEST_HOST = "$(BUILT_PRODUCTS_DIR)/Landmark.app/Landmark";
			};
			name = Release;
		};
		68B9FB65289FAF1B00F007C3 /* Debug */ = {
			isa = XCBuildConfiguration;
			buildSettings = {
				ALWAYS_EMBED_SWIFT_STANDARD_LIBRARIES = YES;
				CODE_SIGN_STYLE = Automatic;
				CURRENT_PROJECT_VERSION = 1;
				DEVELOPMENT_TEAM = J983338RJP;
				GENERATE_INFOPLIST_FILE = YES;
				MARKETING_VERSION = 1.0;
				PRODUCT_BUNDLE_IDENTIFIER = com.sebghatyusuf.LandmarkUITests;
				PRODUCT_NAME = "$(TARGET_NAME)";
				SWIFT_EMIT_LOC_STRINGS = NO;
				SWIFT_VERSION = 5.0;
				TARGETED_DEVICE_FAMILY = "1,2";
				TEST_TARGET_NAME = Landmark;
			};
			name = Debug;
		};
		68B9FB66289FAF1B00F007C3 /* Release */ = {
			isa = XCBuildConfiguration;
			buildSettings = {
				ALWAYS_EMBED_SWIFT_STANDARD_LIBRARIES = YES;
				CODE_SIGN_STYLE = Automatic;
				CURRENT_PROJECT_VERSION = 1;
				DEVELOPMENT_TEAM = J983338RJP;
				GENERATE_INFOPLIST_FILE = YES;
				MARKETING_VERSION = 1.0;
				PRODUCT_BUNDLE_IDENTIFIER = com.sebghatyusuf.LandmarkUITests;
				PRODUCT_NAME = "$(TARGET_NAME)";
				SWIFT_EMIT_LOC_STRINGS = NO;
				SWIFT_VERSION = 5.0;
				TARGETED_DEVICE_FAMILY = "1,2";
				TEST_TARGET_NAME = Landmark;
			};
			name = Release;
		};
/* End XCBuildConfiguration section */

/* Begin XCConfigurationList section */
		68B9FB30289FAF1A00F007C3 /* Build configuration list for PBXProject "Landmark" */ = {
			isa = XCConfigurationList;
			buildConfigurations = (
				68B9FB5C289FAF1B00F007C3 /* Debug */,
				68B9FB5D289FAF1B00F007C3 /* Release */,
			);
			defaultConfigurationIsVisible = 0;
			defaultConfigurationName = Release;
		};
		68B9FB5E289FAF1B00F007C3 /* Build configuration list for PBXNativeTarget "Landmark" */ = {
			isa = XCConfigurationList;
			buildConfigurations = (
				68B9FB5F289FAF1B00F007C3 /* Debug */,
				68B9FB60289FAF1B00F007C3 /* Release */,
			);
			defaultConfigurationIsVisible = 0;
			defaultConfigurationName = Release;
		};
		68B9FB61289FAF1B00F007C3 /* Build configuration list for PBXNativeTarget "LandmarkTests" */ = {
			isa = XCConfigurationList;
			buildConfigurations = (
				68B9FB62289FAF1B00F007C3 /* Debug */,
				68B9FB63289FAF1B00F007C3 /* Release */,
			);
			defaultConfigurationIsVisible = 0;
			defaultConfigurationName = Release;
		};
		68B9FB64289FAF1B00F007C3 /* Build configuration list for PBXNativeTarget "LandmarkUITests" */ = {
			isa = XCConfigurationList;
			buildConfigurations = (
				68B9FB65289FAF1B00F007C3 /* Debug */,
				68B9FB66289FAF1B00F007C3 /* Release */,
			);
			defaultConfigurationIsVisible = 0;
			defaultConfigurationName = Release;
		};
/* End XCConfigurationList section */

/* Begin XCVersionGroup section */
		68B9FB43289FAF1B00F007C3 /* Landmark.xcdatamodeld */ = {
			isa = XCVersionGroup;
			children = (
				68B9FB44289FAF1B00F007C3 /* Landmark.xcdatamodel */,
			);
			currentVersion = 68B9FB44289FAF1B00F007C3 /* Landmark.xcdatamodel */;
			path = Landmark.xcdatamodeld;
			sourceTree = "<group>";
			versionGroupType = wrapper.xcdatamodel;
		};
/* End XCVersionGroup section */
	};
	rootObject = 68B9FB2D289FAF1A00F007C3 /* Project object */;
}
